
Microsoft Visual Studio Solution File, Format Version 12.00
# Visual Studio Version 17
VisualStudioVersion = 17.13.35825.156 d17.13
MinimumVisualStudioVersion = 10.0.40219.1
Project("{FAE04EC0-301F-11D3-BF4B-00C04F79EFBC}") = "RepasoEnCSharp", "RepasoEnCSharp.csproj", "{F5CFAABB-6825-46C5-BF44-5DB0FDA7C8F4}"
EndProject
Global
	GlobalSection(SolutionConfigurationPlatforms) = preSolution
		Debug|Any CPU = Debug|Any CPU
		Release|Any CPU = Release|Any CPU
	EndGlobalSection
	GlobalSection(ProjectConfigurationPlatforms) = postSolution
		{F5CFAABB-6825-46C5-BF44-5DB0FDA7C8F4}.Debug|Any CPU.ActiveCfg = Debug|Any CPU
		{F5CFAABB-6825-46C5-BF44-5DB0FDA7C8F4}.Debug|Any CPU.Build.0 = Debug|Any CPU
		{F5CFAABB-6825-46C5-BF44-5DB0FDA7C8F4}.Release|Any CPU.ActiveCfg = Release|Any CPU
		{F5CFAABB-6825-46C5-BF44-5DB0FDA7C8F4}.Release|Any CPU.Build.0 = Release|Any CPU
	EndGlobalSection
	GlobalSection(SolutionProperties) = preSolution
		HideSolutionNode = FALSE
	EndGlobalSection
	GlobalSection(ExtensibilityGlobals) = postSolution
		SolutionGuid = {691205E2-9F0B-40B7-B6D9-C5750D804F2B}
	EndGlobalSection
EndGlobal
