
Microsoft Visual Studio Solution File, Format Version 12.00
# Visual Studio Version 17
VisualStudioVersion = 17.13.35825.156 d17.13
MinimumVisualStudioVersion = 10.0.40219.1
Project("{FAE04EC0-301F-11D3-BF4B-00C04F79EFBC}") = "Herencia", "Herencia.csproj", "{9A643156-564C-4F3D-A8E7-D0ED8A06B1F2}"
EndProject
Project("{2150E333-8FDC-42A3-9474-1A3956D46DE8}") = "Elementos de la solución", "Elementos de la solución", "{D107F4C8-89CC-BEA8-D3D7-CA6B7733353D}"
	ProjectSection(SolutionItems) = preProject
		Interfaz.cs = Interfaz.cs
		MetodoTres.cs = MetodoTres.cs
	EndProjectSection
EndProject
Global
	GlobalSection(SolutionConfigurationPlatforms) = preSolution
		Debug|Any CPU = Debug|Any CPU
		Release|Any CPU = Release|Any CPU
	EndGlobalSection
	GlobalSection(ProjectConfigurationPlatforms) = postSolution
		{9A643156-564C-4F3D-A8E7-D0ED8A06B1F2}.Debug|Any CPU.ActiveCfg = Debug|Any CPU
		{9A643156-564C-4F3D-A8E7-D0ED8A06B1F2}.Debug|Any CPU.Build.0 = Debug|Any CPU
		{9A643156-564C-4F3D-A8E7-D0ED8A06B1F2}.Release|Any CPU.ActiveCfg = Release|Any CPU
		{9A643156-564C-4F3D-A8E7-D0ED8A06B1F2}.Release|Any CPU.Build.0 = Release|Any CPU
	EndGlobalSection
	GlobalSection(SolutionProperties) = preSolution
		HideSolutionNode = FALSE
	EndGlobalSection
	GlobalSection(ExtensibilityGlobals) = postSolution
		SolutionGuid = {5DB7D6BD-458B-4FDE-A870-AF33241B088C}
	EndGlobalSection
EndGlobal
