
Microsoft Visual Studio Solution File, Format Version 12.00
# Visual Studio Version 17
VisualStudioVersion = 17.13.35825.156 d17.13
MinimumVisualStudioVersion = 10.0.40219.1
Project("{FAE04EC0-301F-11D3-BF4B-00C04F79EFBC}") = "ProgramInter.cs", "ProgramInter.cs.csproj", "{FB1F1E23-F2F7-4776-B92B-57D713FD9D10}"
EndProject
Global
	GlobalSection(SolutionConfigurationPlatforms) = preSolution
		Debug|Any CPU = Debug|Any CPU
		Release|Any CPU = Release|Any CPU
	EndGlobalSection
	GlobalSection(ProjectConfigurationPlatforms) = postSolution
		{FB1F1E23-F2F7-4776-B92B-57D713FD9D10}.Debug|Any CPU.ActiveCfg = Debug|Any CPU
		{FB1F1E23-F2F7-4776-B92B-57D713FD9D10}.Debug|Any CPU.Build.0 = Debug|Any CPU
		{FB1F1E23-F2F7-4776-B92B-57D713FD9D10}.Release|Any CPU.ActiveCfg = Release|Any CPU
		{FB1F1E23-F2F7-4776-B92B-57D713FD9D10}.Release|Any CPU.Build.0 = Release|Any CPU
	EndGlobalSection
	GlobalSection(SolutionProperties) = preSolution
		HideSolutionNode = FALSE
	EndGlobalSection
	GlobalSection(ExtensibilityGlobals) = postSolution
		SolutionGuid = {313BC46E-477E-412F-BF78-6C7C9EE5F613}
	EndGlobalSection
EndGlobal
