
Microsoft Visual Studio Solution File, Format Version 12.00
# Visual Studio Version 17
VisualStudioVersion = 17.13.35825.156 d17.13
MinimumVisualStudioVersion = 10.0.40219.1
Project("{FAE04EC0-301F-11D3-BF4B-00C04F79EFBC}") = "Program", "Program.csproj", "{131B97F9-EDBA-4EB3-AD1A-46145B50EC20}"
EndProject
Global
	GlobalSection(SolutionConfigurationPlatforms) = preSolution
		Debug|Any CPU = Debug|Any CPU
		Release|Any CPU = Release|Any CPU
	EndGlobalSection
	GlobalSection(ProjectConfigurationPlatforms) = postSolution
		{131B97F9-EDBA-4EB3-AD1A-46145B50EC20}.Debug|Any CPU.ActiveCfg = Debug|Any CPU
		{131B97F9-EDBA-4EB3-AD1A-46145B50EC20}.Debug|Any CPU.Build.0 = Debug|Any CPU
		{131B97F9-EDBA-4EB3-AD1A-46145B50EC20}.Release|Any CPU.ActiveCfg = Release|Any CPU
		{131B97F9-EDBA-4EB3-AD1A-46145B50EC20}.Release|Any CPU.Build.0 = Release|Any CPU
	EndGlobalSection
	GlobalSection(SolutionProperties) = preSolution
		HideSolutionNode = FALSE
	EndGlobalSection
	GlobalSection(ExtensibilityGlobals) = postSolution
		SolutionGuid = {DE4DA85D-743E-4D58-AB71-DF49A61E854B}
	EndGlobalSection
EndGlobal
